
Microsoft Visual Studio Solution File, Format Version 12.00
# Visual Studio 14
VisualStudioVersion = 14.0.24720.0
MinimumVisualStudioVersion = 10.0.40219.1
Project("{FAE04EC0-301F-11D3-BF4B-00C04F79EFBC}") = "Book.Dao", "Book.Dao\Book.Dao.csproj", "{BE2BC3F2-E6FC-4ED8-B6CC-503F995F524A}"
EndProject
Project("{FAE04EC0-301F-11D3-BF4B-00C04F79EFBC}") = "Book.Service", "Book.Service\Book.Service.csproj", "{FB451C9F-8050-410C-8875-DACBC23B07E1}"
EndProject
Project("{FAE04EC0-301F-11D3-BF4B-00C04F79EFBC}") = "Book.IService", "Book.IService\Book.IService.csproj", "{F2FE5D16-4480-47B5-A57D-8E906C23BB19}"
EndProject
Project("{FAE04EC0-301F-11D3-BF4B-00C04F79EFBC}") = "Book.Web", "Book.Web\Book.Web.csproj", "{3F2DA791-1AF3-4840-BE0A-4A075221F3EA}"
EndProject
Project("{FAE04EC0-301F-11D3-BF4B-00C04F79EFBC}") = "Book.Common", "Book.Common\Book.Common.csproj", "{73FE8234-0C47-4952-A280-C1F08D731181}"
EndProject
Global
	GlobalSection(SolutionConfigurationPlatforms) = preSolution
		Debug|Any CPU = Debug|Any CPU
		Release|Any CPU = Release|Any CPU
	EndGlobalSection
	GlobalSection(ProjectConfigurationPlatforms) = postSolution
		{BE2BC3F2-E6FC-4ED8-B6CC-503F995F524A}.Debug|Any CPU.ActiveCfg = Debug|Any CPU
		{BE2BC3F2-E6FC-4ED8-B6CC-503F995F524A}.Debug|Any CPU.Build.0 = Debug|Any CPU
		{BE2BC3F2-E6FC-4ED8-B6CC-503F995F524A}.Release|Any CPU.ActiveCfg = Release|Any CPU
		{BE2BC3F2-E6FC-4ED8-B6CC-503F995F524A}.Release|Any CPU.Build.0 = Release|Any CPU
		{FB451C9F-8050-410C-8875-DACBC23B07E1}.Debug|Any CPU.ActiveCfg = Debug|Any CPU
		{FB451C9F-8050-410C-8875-DACBC23B07E1}.Debug|Any CPU.Build.0 = Debug|Any CPU
		{FB451C9F-8050-410C-8875-DACBC23B07E1}.Release|Any CPU.ActiveCfg = Release|Any CPU
		{FB451C9F-8050-410C-8875-DACBC23B07E1}.Release|Any CPU.Build.0 = Release|Any CPU
		{F2FE5D16-4480-47B5-A57D-8E906C23BB19}.Debug|Any CPU.ActiveCfg = Debug|Any CPU
		{F2FE5D16-4480-47B5-A57D-8E906C23BB19}.Debug|Any CPU.Build.0 = Debug|Any CPU
		{F2FE5D16-4480-47B5-A57D-8E906C23BB19}.Release|Any CPU.ActiveCfg = Release|Any CPU
		{F2FE5D16-4480-47B5-A57D-8E906C23BB19}.Release|Any CPU.Build.0 = Release|Any CPU
		{3F2DA791-1AF3-4840-BE0A-4A075221F3EA}.Debug|Any CPU.ActiveCfg = Debug|Any CPU
		{3F2DA791-1AF3-4840-BE0A-4A075221F3EA}.Debug|Any CPU.Build.0 = Debug|Any CPU
		{3F2DA791-1AF3-4840-BE0A-4A075221F3EA}.Release|Any CPU.ActiveCfg = Release|Any CPU
		{3F2DA791-1AF3-4840-BE0A-4A075221F3EA}.Release|Any CPU.Build.0 = Release|Any CPU
		{73FE8234-0C47-4952-A280-C1F08D731181}.Debug|Any CPU.ActiveCfg = Debug|Any CPU
		{73FE8234-0C47-4952-A280-C1F08D731181}.Debug|Any CPU.Build.0 = Debug|Any CPU
		{73FE8234-0C47-4952-A280-C1F08D731181}.Release|Any CPU.ActiveCfg = Release|Any CPU
		{73FE8234-0C47-4952-A280-C1F08D731181}.Release|Any CPU.Build.0 = Release|Any CPU
	EndGlobalSection
	GlobalSection(SolutionProperties) = preSolution
		HideSolutionNode = FALSE
	EndGlobalSection
EndGlobal
